
Microsoft Visual Studio Solution File, Format Version 12.00
# Visual Studio Version 16
VisualStudioVersion = 16.0.31205.134
MinimumVisualStudioVersion = 10.0.40219.1
Project("{FAE04EC0-301F-11D3-BF4B-00C04F79EFBC}") = "GITCODEREVIEW", "GITCODEREVIEW\GITCODEREVIEW.csproj", "{184C396A-C81F-4308-904C-A1532A398793}"
EndProject
Global
	GlobalSection(SolutionConfigurationPlatforms) = preSolution
		Debug|Any CPU = Debug|Any CPU
		Release|Any CPU = Release|Any CPU
	EndGlobalSection
	GlobalSection(ProjectConfigurationPlatforms) = postSolution
		{184C396A-C81F-4308-904C-A1532A398793}.Debug|Any CPU.ActiveCfg = Debug|Any CPU
		{184C396A-C81F-4308-904C-A1532A398793}.Debug|Any CPU.Build.0 = Debug|Any CPU
		{184C396A-C81F-4308-904C-A1532A398793}.Release|Any CPU.ActiveCfg = Release|Any CPU
		{184C396A-C81F-4308-904C-A1532A398793}.Release|Any CPU.Build.0 = Release|Any CPU
	EndGlobalSection
	GlobalSection(SolutionProperties) = preSolution
		HideSolutionNode = FALSE
	EndGlobalSection
	GlobalSection(ExtensibilityGlobals) = postSolution
		SolutionGuid = {76413DA9-D31B-472A-90F6-073FB6524B00}
	EndGlobalSection
EndGlobal
